// !$*UTF8*$!
{
	archiveVersion = 1;
	classes = {
	};
	objectVersion = 46;
	objects = {

/* Begin PBXBuildFile section */
		1F1281F4189761C8005F8A7C /* UserBubble.m in Sources */ = {isa = PBXBuildFile; fileRef = 1F1281F3189761C8005F8A7C /* UserBubble.m */; };
		1F60B14A18974B9A00232A84 /* Foundation.framework in Frameworks */ = {isa = PBXBuildFile; fileRef = 1F60B14918974B9A00232A84 /* Foundation.framework */; };
		1F60B14C18974B9A00232A84 /* CoreGraphics.framework in Frameworks */ = {isa = PBXBuildFile; fileRef = 1F60B14B18974B9A00232A84 /* CoreGraphics.framework */; };
		1F60B14E18974B9A00232A84 /* UIKit.framework in Frameworks */ = {isa = PBXBuildFile; fileRef = 1F60B14D18974B9A00232A84 /* UIKit.framework */; };
		1F60B15018974B9A00232A84 /* SpriteKit.framework in Frameworks */ = {isa = PBXBuildFile; fileRef = 1F60B14F18974B9A00232A84 /* SpriteKit.framework */; };
		1F60B15618974B9A00232A84 /* InfoPlist.strings in Resources */ = {isa = PBXBuildFile; fileRef = 1F60B15418974B9A00232A84 /* InfoPlist.strings */; };
		1F60B15818974B9A00232A84 /* main.m in Sources */ = {isa = PBXBuildFile; fileRef = 1F60B15718974B9A00232A84 /* main.m */; };
		1F60B15C18974B9A00232A84 /* AppDelegate.m in Sources */ = {isa = PBXBuildFile; fileRef = 1F60B15B18974B9A00232A84 /* AppDelegate.m */; };
		1F60B16518974B9A00232A84 /* SinglePlayerViewController.m in Sources */ = {isa = PBXBuildFile; fileRef = 1F60B16418974B9A00232A84 /* SinglePlayerViewController.m */; };
		1F60B16818974B9A00232A84 /* SinglePlayerScene.m in Sources */ = {isa = PBXBuildFile; fileRef = 1F60B16718974B9A00232A84 /* SinglePlayerScene.m */; };
		1F60B16C18974B9A00232A84 /* Images.xcassets in Resources */ = {isa = PBXBuildFile; fileRef = 1F60B16B18974B9A00232A84 /* Images.xcassets */; };
		1F60B17318974B9A00232A84 /* XCTest.framework in Frameworks */ = {isa = PBXBuildFile; fileRef = 1F60B17218974B9A00232A84 /* XCTest.framework */; };
		1F60B17418974B9A00232A84 /* Foundation.framework in Frameworks */ = {isa = PBXBuildFile; fileRef = 1F60B14918974B9A00232A84 /* Foundation.framework */; };
		1F60B17518974B9A00232A84 /* UIKit.framework in Frameworks */ = {isa = PBXBuildFile; fileRef = 1F60B14D18974B9A00232A84 /* UIKit.framework */; };
		1F60B17D18974B9A00232A84 /* InfoPlist.strings in Resources */ = {isa = PBXBuildFile; fileRef = 1F60B17B18974B9A00232A84 /* InfoPlist.strings */; };
		1F60B17F18974B9A00232A84 /* BubbleTests.m in Sources */ = {isa = PBXBuildFile; fileRef = 1F60B17E18974B9A00232A84 /* BubbleTests.m */; };
		1F60B18A1897500300232A84 /* Bubble.m in Sources */ = {isa = PBXBuildFile; fileRef = 1F60B1891897500300232A84 /* Bubble.m */; };
		1F7C329618975A34006995F8 /* AIBubble.m in Sources */ = {isa = PBXBuildFile; fileRef = 1F7C329518975A34006995F8 /* AIBubble.m */; };
		A81680EA18DFD7F600504025 /* 1p_button.png in Resources */ = {isa = PBXBuildFile; fileRef = A81680D618DFD7F600504025 /* 1p_button.png */; };
		A81680EB18DFD7F600504025 /* 2p_button.png in Resources */ = {isa = PBXBuildFile; fileRef = A81680D718DFD7F600504025 /* 2p_button.png */; };
		A81680EC18DFD7F600504025 /* back_button.png in Resources */ = {isa = PBXBuildFile; fileRef = A81680D818DFD7F600504025 /* back_button.png */; };
		A81680ED18DFD7F600504025 /* bubble_button.png in Resources */ = {isa = PBXBuildFile; fileRef = A81680D918DFD7F600504025 /* bubble_button.png */; };
		A81680EE18DFD7F600504025 /* bubble_icon.png in Resources */ = {isa = PBXBuildFile; fileRef = A81680DA18DFD7F600504025 /* bubble_icon.png */; };
		A81680EF18DFD7F600504025 /* bubble_icon_launch_640_1136.png in Resources */ = {isa = PBXBuildFile; fileRef = A81680DB18DFD7F600504025 /* bubble_icon_launch_640_1136.png */; };
		A81680F018DFD7F600504025 /* bubble_icon_launch_640_960.png in Resources */ = {isa = PBXBuildFile; fileRef = A81680DC18DFD7F600504025 /* bubble_icon_launch_640_960.png */; };
		A81680F118DFD7F600504025 /* bubble_icon_title.png in Resources */ = {isa = PBXBuildFile; fileRef = A81680DD18DFD7F600504025 /* bubble_icon_title.png */; };
		A81680F218DFD7F600504025 /* bubble_ios_icon_120.png in Resources */ = {isa = PBXBuildFile; fileRef = A81680DE18DFD7F600504025 /* bubble_ios_icon_120.png */; };
		A81680F318DFD7F600504025 /* bubble_ios_icon_58.png in Resources */ = {isa = PBXBuildFile; fileRef = A81680DF18DFD7F600504025 /* bubble_ios_icon_58.png */; };
		A81680F418DFD7F600504025 /* bubble_ios_icon_80.png in Resources */ = {isa = PBXBuildFile; fileRef = A81680E018DFD7F600504025 /* bubble_ios_icon_80.png */; };
		A81680F518DFD7F600504025 /* clock_icon.png in Resources */ = {isa = PBXBuildFile; fileRef = A81680E118DFD7F600504025 /* clock_icon.png */; };
		A81680F618DFD7F600504025 /* game_center_logo.png in Resources */ = {isa = PBXBuildFile; fileRef = A81680E218DFD7F600504025 /* game_center_logo.png */; };
		A81680F718DFD7F600504025 /* options_button.png in Resources */ = {isa = PBXBuildFile; fileRef = A81680E318DFD7F600504025 /* options_button.png */; };
		A81680F818DFD7F600504025 /* pause_button.png in Resources */ = {isa = PBXBuildFile; fileRef = A81680E418DFD7F600504025 /* pause_button.png */; };
		A81680F918DFD7F600504025 /* quit_button.png in Resources */ = {isa = PBXBuildFile; fileRef = A81680E518DFD7F600504025 /* quit_button.png */; };
		A81680FA18DFD7F600504025 /* resume_button.png in Resources */ = {isa = PBXBuildFile; fileRef = A81680E618DFD7F600504025 /* resume_button.png */; };
		A81680FB18DFD7F600504025 /* shield_icon.png in Resources */ = {isa = PBXBuildFile; fileRef = A81680E718DFD7F600504025 /* shield_icon.png */; };
		A81680FC18DFD7F600504025 /* thunderbolt_icon.png in Resources */ = {isa = PBXBuildFile; fileRef = A81680E818DFD7F600504025 /* thunderbolt_icon.png */; };
		A81680FD18DFD7F600504025 /* twitter_logo.png in Resources */ = {isa = PBXBuildFile; fileRef = A81680E918DFD7F600504025 /* twitter_logo.png */; };
		A816810018DFDFEB00504025 /* StalkerBubble.m in Sources */ = {isa = PBXBuildFile; fileRef = A81680FF18DFDFEB00504025 /* StalkerBubble.m */; };
		A816810318DFE7D500504025 /* GameOverViewController.m in Sources */ = {isa = PBXBuildFile; fileRef = A816810218DFE7D500504025 /* GameOverViewController.m */; };
		A816810718DFEF7900504025 /* game_over_background.png in Resources */ = {isa = PBXBuildFile; fileRef = A816810618DFEF7900504025 /* game_over_background.png */; };
		A816810918DFF4EA00504025 /* share_button.png in Resources */ = {isa = PBXBuildFile; fileRef = A816810818DFF4EA00504025 /* share_button.png */; };
		A816810D18DFFFD200504025 /* iRate.m in Sources */ = {isa = PBXBuildFile; fileRef = A816810C18DFFFD200504025 /* iRate.m */; };
		A816811118E1161200504025 /* hard_mode_button.png in Resources */ = {isa = PBXBuildFile; fileRef = A816810E18E1161200504025 /* hard_mode_button.png */; };
		A816811218E1161200504025 /* mode_pick_background.png in Resources */ = {isa = PBXBuildFile; fileRef = A816810F18E1161200504025 /* mode_pick_background.png */; };
		A816811318E1161200504025 /* normal_mode_button.png in Resources */ = {isa = PBXBuildFile; fileRef = A816811018E1161200504025 /* normal_mode_button.png */; };
		A816811618E1163600504025 /* GameModeViewController.m in Sources */ = {isa = PBXBuildFile; fileRef = A816811518E1163500504025 /* GameModeViewController.m */; };
		A822A3D718C16B2A00CAC8FA /* PauseViewController.m in Sources */ = {isa = PBXBuildFile; fileRef = A822A3D618C16B2A00CAC8FA /* PauseViewController.m */; };
		A85CD01018DCD74200FECC1C /* Social.framework in Frameworks */ = {isa = PBXBuildFile; fileRef = A85CD00F18DCD74200FECC1C /* Social.framework */; };
		A85CD01618DCEFD900FECC1C /* dilate1.wav in Resources */ = {isa = PBXBuildFile; fileRef = A85CD01218DCEFD900FECC1C /* dilate1.wav */; };
		A85CD01718DCEFD900FECC1C /* Hit_Hurt4.wav in Resources */ = {isa = PBXBuildFile; fileRef = A85CD01318DCEFD900FECC1C /* Hit_Hurt4.wav */; };
		A85CD01818DCEFD900FECC1C /* powerup.wav in Resources */ = {isa = PBXBuildFile; fileRef = A85CD01418DCEFD900FECC1C /* powerup.wav */; };
		A85CD01918DCEFD900FECC1C /* singleplayer.mp3 in Resources */ = {isa = PBXBuildFile; fileRef = A85CD01518DCEFD900FECC1C /* singleplayer.mp3 */; };
		A85CD01B18DD143100FECC1C /* MediaPlayer.framework in Frameworks */ = {isa = PBXBuildFile; fileRef = A85CD01A18DD143100FECC1C /* MediaPlayer.framework */; };
		A85CD01E18DE88B000FECC1C /* GameCenterController.m in Sources */ = {isa = PBXBuildFile; fileRef = A85CD01D18DE88B000FECC1C /* GameCenterController.m */; };
		A8E2524918D9556900510145 /* GameKit.framework in Frameworks */ = {isa = PBXBuildFile; fileRef = A8E2524818D9556900510145 /* GameKit.framework */; };
		A8E8561118D666FA0038C1AE /* TwoPlayerViewController.m in Sources */ = {isa = PBXBuildFile; fileRef = A8E8561018D666FA0038C1AE /* TwoPlayerViewController.m */; };
		A8E8561418D667C80038C1AE /* TwoPlayerScene.m in Sources */ = {isa = PBXBuildFile; fileRef = A8E8561318D667C80038C1AE /* TwoPlayerScene.m */; };
		A901663218B670A60061927A /* JCJoystick.m in Sources */ = {isa = PBXBuildFile; fileRef = A901663118B670A60061927A /* JCJoystick.m */; };
		A956913B18984320004FBD99 /* MultipeerConnectivity.framework in Frameworks */ = {isa = PBXBuildFile; fileRef = A956913A18984320004FBD99 /* MultipeerConnectivity.framework */; };
		A97A9ED418988D3F0017183F /* SplashViewController.m in Sources */ = {isa = PBXBuildFile; fileRef = A97A9ED318988D3F0017183F /* SplashViewController.m */; };
		A97A9ED718989C750017183F /* SettingsViewController.m in Sources */ = {isa = PBXBuildFile; fileRef = A97A9ED618989C750017183F /* SettingsViewController.m */; };
		A9A564F118DFE67F00840421 /* splash.mp3 in Resources */ = {isa = PBXBuildFile; fileRef = A9A564F018DFE67F00840421 /* splash.mp3 */; };
		A9C46D1118DE299600BC8065 /* PowerUp.m in Sources */ = {isa = PBXBuildFile; fileRef = A9C46D1018DE299600BC8065 /* PowerUp.m */; };
		A9C46D2118DFCC6D00BC8065 /* GG.mp4.flac.wav in Resources */ = {isa = PBXBuildFile; fileRef = A9C46D2018DFCC6D00BC8065 /* GG.mp4.flac.wav */; };
		A9D68DE418DB57FF00299441 /* AVFoundation.framework in Frameworks */ = {isa = PBXBuildFile; fileRef = A9D68DE318DB57FF00299441 /* AVFoundation.framework */; };
		A9D68DE618DB580E00299441 /* AudioToolbox.framework in Frameworks */ = {isa = PBXBuildFile; fileRef = A9D68DE518DB580E00299441 /* AudioToolbox.framework */; };
/* End PBXBuildFile section */

/* Begin PBXContainerItemProxy section */
		1F60B17618974B9A00232A84 /* PBXContainerItemProxy */ = {
			isa = PBXContainerItemProxy;
			containerPortal = 1F60B13E18974B9A00232A84 /* Project object */;
			proxyType = 1;
			remoteGlobalIDString = 1F60B14518974B9A00232A84;
			remoteInfo = Bubble;
		};
/* End PBXContainerItemProxy section */

/* Begin PBXFileReference section */
		1F1281F2189761C8005F8A7C /* UserBubble.h */ = {isa = PBXFileReference; fileEncoding = 4; lastKnownFileType = sourcecode.c.h; path = UserBubble.h; sourceTree = "<group>"; };
		1F1281F3189761C8005F8A7C /* UserBubble.m */ = {isa = PBXFileReference; fileEncoding = 4; lastKnownFileType = sourcecode.c.objc; path = UserBubble.m; sourceTree = "<group>"; };
		1F60B14618974B9A00232A84 /* Bubble.app */ = {isa = PBXFileReference; explicitFileType = wrapper.application; includeInIndex = 0; path = Bubble.app; sourceTree = BUILT_PRODUCTS_DIR; };
		1F60B14918974B9A00232A84 /* Foundation.framework */ = {isa = PBXFileReference; lastKnownFileType = wrapper.framework; name = Foundation.framework; path = System/Library/Frameworks/Foundation.framework; sourceTree = SDKROOT; };
		1F60B14B18974B9A00232A84 /* CoreGraphics.framework */ = {isa = PBXFileReference; lastKnownFileType = wrapper.framework; name = CoreGraphics.framework; path = System/Library/Frameworks/CoreGraphics.framework; sourceTree = SDKROOT; };
		1F60B14D18974B9A00232A84 /* UIKit.framework */ = {isa = PBXFileReference; lastKnownFileType = wrapper.framework; name = UIKit.framework; path = System/Library/Frameworks/UIKit.framework; sourceTree = SDKROOT; };
		1F60B14F18974B9A00232A84 /* SpriteKit.framework */ = {isa = PBXFileReference; lastKnownFileType = wrapper.framework; name = SpriteKit.framework; path = System/Library/Frameworks/SpriteKit.framework; sourceTree = SDKROOT; };
		1F60B15318974B9A00232A84 /* Bubble-Info.plist */ = {isa = PBXFileReference; lastKnownFileType = text.plist.xml; path = "Bubble-Info.plist"; sourceTree = "<group>"; };
		1F60B15518974B9A00232A84 /* en */ = {isa = PBXFileReference; lastKnownFileType = text.plist.strings; name = en; path = en.lproj/InfoPlist.strings; sourceTree = "<group>"; };
		1F60B15718974B9A00232A84 /* main.m */ = {isa = PBXFileReference; lastKnownFileType = sourcecode.c.objc; path = main.m; sourceTree = "<group>"; };
		1F60B15918974B9A00232A84 /* Bubble-Prefix.pch */ = {isa = PBXFileReference; lastKnownFileType = sourcecode.c.h; path = "Bubble-Prefix.pch"; sourceTree = "<group>"; };
		1F60B15A18974B9A00232A84 /* AppDelegate.h */ = {isa = PBXFileReference; lastKnownFileType = sourcecode.c.h; path = AppDelegate.h; sourceTree = "<group>"; };
		1F60B15B18974B9A00232A84 /* AppDelegate.m */ = {isa = PBXFileReference; lastKnownFileType = sourcecode.c.objc; path = AppDelegate.m; sourceTree = "<group>"; };
		1F60B16318974B9A00232A84 /* SinglePlayerViewController.h */ = {isa = PBXFileReference; lastKnownFileType = sourcecode.c.h; path = SinglePlayerViewController.h; sourceTree = "<group>"; };
		1F60B16418974B9A00232A84 /* SinglePlayerViewController.m */ = {isa = PBXFileReference; lastKnownFileType = sourcecode.c.objc; path = SinglePlayerViewController.m; sourceTree = "<group>"; };
		1F60B16618974B9A00232A84 /* SinglePlayerScene.h */ = {isa = PBXFileReference; lastKnownFileType = sourcecode.c.h; path = SinglePlayerScene.h; sourceTree = "<group>"; };
		1F60B16718974B9A00232A84 /* SinglePlayerScene.m */ = {isa = PBXFileReference; lastKnownFileType = sourcecode.c.objc; path = SinglePlayerScene.m; sourceTree = "<group>"; };
		1F60B16B18974B9A00232A84 /* Images.xcassets */ = {isa = PBXFileReference; lastKnownFileType = folder.assetcatalog; path = Images.xcassets; sourceTree = "<group>"; };
		1F60B17118974B9A00232A84 /* BubbleTests.xctest */ = {isa = PBXFileReference; explicitFileType = wrapper.cfbundle; includeInIndex = 0; path = BubbleTests.xctest; sourceTree = BUILT_PRODUCTS_DIR; };
		1F60B17218974B9A00232A84 /* XCTest.framework */ = {isa = PBXFileReference; lastKnownFileType = wrapper.framework; name = XCTest.framework; path = Library/Frameworks/XCTest.framework; sourceTree = DEVELOPER_DIR; };
		1F60B17A18974B9A00232A84 /* BubbleTests-Info.plist */ = {isa = PBXFileReference; lastKnownFileType = text.plist.xml; path = "BubbleTests-Info.plist"; sourceTree = "<group>"; };
		1F60B17C18974B9A00232A84 /* en */ = {isa = PBXFileReference; lastKnownFileType = text.plist.strings; name = en; path = en.lproj/InfoPlist.strings; sourceTree = "<group>"; };
		1F60B17E18974B9A00232A84 /* BubbleTests.m */ = {isa = PBXFileReference; lastKnownFileType = sourcecode.c.objc; path = BubbleTests.m; sourceTree = "<group>"; };
		1F60B1881897500300232A84 /* Bubble.h */ = {isa = PBXFileReference; fileEncoding = 4; lastKnownFileType = sourcecode.c.h; path = Bubble.h; sourceTree = "<group>"; };
		1F60B1891897500300232A84 /* Bubble.m */ = {isa = PBXFileReference; fileEncoding = 4; lastKnownFileType = sourcecode.c.objc; path = Bubble.m; sourceTree = "<group>"; };
		1F7C329418975A34006995F8 /* AIBubble.h */ = {isa = PBXFileReference; fileEncoding = 4; lastKnownFileType = sourcecode.c.h; path = AIBubble.h; sourceTree = "<group>"; };
		1F7C329518975A34006995F8 /* AIBubble.m */ = {isa = PBXFileReference; fileEncoding = 4; lastKnownFileType = sourcecode.c.objc; path = AIBubble.m; sourceTree = "<group>"; };
		A81680D618DFD7F600504025 /* 1p_button.png */ = {isa = PBXFileReference; lastKnownFileType = image.png; path = 1p_button.png; sourceTree = "<group>"; };
		A81680D718DFD7F600504025 /* 2p_button.png */ = {isa = PBXFileReference; lastKnownFileType = image.png; path = 2p_button.png; sourceTree = "<group>"; };
		A81680D818DFD7F600504025 /* back_button.png */ = {isa = PBXFileReference; lastKnownFileType = image.png; path = back_button.png; sourceTree = "<group>"; };
		A81680D918DFD7F600504025 /* bubble_button.png */ = {isa = PBXFileReference; lastKnownFileType = image.png; path = bubble_button.png; sourceTree = "<group>"; };
		A81680DA18DFD7F600504025 /* bubble_icon.png */ = {isa = PBXFileReference; lastKnownFileType = image.png; path = bubble_icon.png; sourceTree = "<group>"; };
		A81680DB18DFD7F600504025 /* bubble_icon_launch_640_1136.png */ = {isa = PBXFileReference; lastKnownFileType = image.png; path = bubble_icon_launch_640_1136.png; sourceTree = "<group>"; };
		A81680DC18DFD7F600504025 /* bubble_icon_launch_640_960.png */ = {isa = PBXFileReference; lastKnownFileType = image.png; path = bubble_icon_launch_640_960.png; sourceTree = "<group>"; };
		A81680DD18DFD7F600504025 /* bubble_icon_title.png */ = {isa = PBXFileReference; lastKnownFileType = image.png; path = bubble_icon_title.png; sourceTree = "<group>"; };
		A81680DE18DFD7F600504025 /* bubble_ios_icon_120.png */ = {isa = PBXFileReference; lastKnownFileType = image.png; path = bubble_ios_icon_120.png; sourceTree = "<group>"; };
		A81680DF18DFD7F600504025 /* bubble_ios_icon_58.png */ = {isa = PBXFileReference; lastKnownFileType = image.png; path = bubble_ios_icon_58.png; sourceTree = "<group>"; };
		A81680E018DFD7F600504025 /* bubble_ios_icon_80.png */ = {isa = PBXFileReference; lastKnownFileType = image.png; path = bubble_ios_icon_80.png; sourceTree = "<group>"; };
		A81680E118DFD7F600504025 /* clock_icon.png */ = {isa = PBXFileReference; lastKnownFileType = image.png; path = clock_icon.png; sourceTree = "<group>"; };
		A81680E218DFD7F600504025 /* game_center_logo.png */ = {isa = PBXFileReference; lastKnownFileType = image.png; path = game_center_logo.png; sourceTree = "<group>"; };
		A81680E318DFD7F600504025 /* options_button.png */ = {isa = PBXFileReference; lastKnownFileType = image.png; path = options_button.png; sourceTree = "<group>"; };
		A81680E418DFD7F600504025 /* pause_button.png */ = {isa = PBXFileReference; lastKnownFileType = image.png; path = pause_button.png; sourceTree = "<group>"; };
		A81680E518DFD7F600504025 /* quit_button.png */ = {isa = PBXFileReference; lastKnownFileType = image.png; path = quit_button.png; sourceTree = "<group>"; };
		A81680E618DFD7F600504025 /* resume_button.png */ = {isa = PBXFileReference; lastKnownFileType = image.png; path = resume_button.png; sourceTree = "<group>"; };
		A81680E718DFD7F600504025 /* shield_icon.png */ = {isa = PBXFileReference; lastKnownFileType = image.png; path = shield_icon.png; sourceTree = "<group>"; };
		A81680E818DFD7F600504025 /* thunderbolt_icon.png */ = {isa = PBXFileReference; lastKnownFileType = image.png; path = thunderbolt_icon.png; sourceTree = "<group>"; };
		A81680E918DFD7F600504025 /* twitter_logo.png */ = {isa = PBXFileReference; lastKnownFileType = image.png; path = twitter_logo.png; sourceTree = "<group>"; };
		A81680FE18DFDFEB00504025 /* StalkerBubble.h */ = {isa = PBXFileReference; fileEncoding = 4; lastKnownFileType = sourcecode.c.h; path = StalkerBubble.h; sourceTree = "<group>"; };
		A81680FF18DFDFEB00504025 /* StalkerBubble.m */ = {isa = PBXFileReference; fileEncoding = 4; lastKnownFileType = sourcecode.c.objc; path = StalkerBubble.m; sourceTree = "<group>"; };
		A816810118DFE7D500504025 /* GameOverViewController.h */ = {isa = PBXFileReference; fileEncoding = 4; lastKnownFileType = sourcecode.c.h; path = GameOverViewController.h; sourceTree = "<group>"; };
		A816810218DFE7D500504025 /* GameOverViewController.m */ = {isa = PBXFileReference; fileEncoding = 4; lastKnownFileType = sourcecode.c.objc; path = GameOverViewController.m; sourceTree = "<group>"; };
		A816810618DFEF7900504025 /* game_over_background.png */ = {isa = PBXFileReference; lastKnownFileType = image.png; path = game_over_background.png; sourceTree = "<group>"; };
		A816810818DFF4EA00504025 /* share_button.png */ = {isa = PBXFileReference; lastKnownFileType = image.png; path = share_button.png; sourceTree = "<group>"; };
		A816810B18DFFFD200504025 /* iRate.h */ = {isa = PBXFileReference; fileEncoding = 4; lastKnownFileType = sourcecode.c.h; path = iRate.h; sourceTree = "<group>"; };
		A816810C18DFFFD200504025 /* iRate.m */ = {isa = PBXFileReference; fileEncoding = 4; lastKnownFileType = sourcecode.c.objc; path = iRate.m; sourceTree = "<group>"; };
		A816810E18E1161200504025 /* hard_mode_button.png */ = {isa = PBXFileReference; lastKnownFileType = image.png; path = hard_mode_button.png; sourceTree = "<group>"; };
		A816810F18E1161200504025 /* mode_pick_background.png */ = {isa = PBXFileReference; lastKnownFileType = image.png; path = mode_pick_background.png; sourceTree = "<group>"; };
		A816811018E1161200504025 /* normal_mode_button.png */ = {isa = PBXFileReference; lastKnownFileType = image.png; path = normal_mode_button.png; sourceTree = "<group>"; };
		A816811418E1163500504025 /* GameModeViewController.h */ = {isa = PBXFileReference; fileEncoding = 4; lastKnownFileType = sourcecode.c.h; path = GameModeViewController.h; sourceTree = "<group>"; };
		A816811518E1163500504025 /* GameModeViewController.m */ = {isa = PBXFileReference; fileEncoding = 4; lastKnownFileType = sourcecode.c.objc; path = GameModeViewController.m; sourceTree = "<group>"; };
		A822A3D518C16B2A00CAC8FA /* PauseViewController.h */ = {isa = PBXFileReference; fileEncoding = 4; lastKnownFileType = sourcecode.c.h; path = PauseViewController.h; sourceTree = "<group>"; };
		A822A3D618C16B2A00CAC8FA /* PauseViewController.m */ = {isa = PBXFileReference; fileEncoding = 4; lastKnownFileType = sourcecode.c.objc; path = PauseViewController.m; sourceTree = "<group>"; };
		A85CD00F18DCD74200FECC1C /* Social.framework */ = {isa = PBXFileReference; lastKnownFileType = wrapper.framework; name = Social.framework; path = System/Library/Frameworks/Social.framework; sourceTree = SDKROOT; };
		A85CD01218DCEFD900FECC1C /* dilate1.wav */ = {isa = PBXFileReference; lastKnownFileType = audio.wav; path = dilate1.wav; sourceTree = "<group>"; };
		A85CD01318DCEFD900FECC1C /* Hit_Hurt4.wav */ = {isa = PBXFileReference; lastKnownFileType = audio.wav; path = Hit_Hurt4.wav; sourceTree = "<group>"; };
		A85CD01418DCEFD900FECC1C /* powerup.wav */ = {isa = PBXFileReference; lastKnownFileType = audio.wav; path = powerup.wav; sourceTree = "<group>"; };
		A85CD01518DCEFD900FECC1C /* singleplayer.mp3 */ = {isa = PBXFileReference; lastKnownFileType = audio.mp3; path = singleplayer.mp3; sourceTree = "<group>"; };
		A85CD01A18DD143100FECC1C /* MediaPlayer.framework */ = {isa = PBXFileReference; lastKnownFileType = wrapper.framework; name = MediaPlayer.framework; path = System/Library/Frameworks/MediaPlayer.framework; sourceTree = SDKROOT; };
		A85CD01C18DE88B000FECC1C /* GameCenterController.h */ = {isa = PBXFileReference; fileEncoding = 4; lastKnownFileType = sourcecode.c.h; path = GameCenterController.h; sourceTree = "<group>"; };
		A85CD01D18DE88B000FECC1C /* GameCenterController.m */ = {isa = PBXFileReference; fileEncoding = 4; lastKnownFileType = sourcecode.c.objc; path = GameCenterController.m; sourceTree = "<group>"; };
		A8E2524818D9556900510145 /* GameKit.framework */ = {isa = PBXFileReference; lastKnownFileType = wrapper.framework; name = GameKit.framework; path = System/Library/Frameworks/GameKit.framework; sourceTree = SDKROOT; };
		A8E8560F18D666FA0038C1AE /* TwoPlayerViewController.h */ = {isa = PBXFileReference; fileEncoding = 4; lastKnownFileType = sourcecode.c.h; path = TwoPlayerViewController.h; sourceTree = "<group>"; };
		A8E8561018D666FA0038C1AE /* TwoPlayerViewController.m */ = {isa = PBXFileReference; fileEncoding = 4; lastKnownFileType = sourcecode.c.objc; path = TwoPlayerViewController.m; sourceTree = "<group>"; };
		A8E8561218D667C80038C1AE /* TwoPlayerScene.h */ = {isa = PBXFileReference; fileEncoding = 4; lastKnownFileType = sourcecode.c.h; path = TwoPlayerScene.h; sourceTree = "<group>"; };
		A8E8561318D667C80038C1AE /* TwoPlayerScene.m */ = {isa = PBXFileReference; fileEncoding = 4; lastKnownFileType = sourcecode.c.objc; path = TwoPlayerScene.m; sourceTree = "<group>"; };
		A901663018B670A60061927A /* JCJoystick.h */ = {isa = PBXFileReference; fileEncoding = 4; lastKnownFileType = sourcecode.c.h; path = JCJoystick.h; sourceTree = "<group>"; };
		A901663118B670A60061927A /* JCJoystick.m */ = {isa = PBXFileReference; fileEncoding = 4; lastKnownFileType = sourcecode.c.objc; path = JCJoystick.m; sourceTree = "<group>"; };
		A919A87218DA6FDD00D508F1 /* viewControllerDelegate.h */ = {isa = PBXFileReference; lastKnownFileType = sourcecode.c.h; path = viewControllerDelegate.h; sourceTree = "<group>"; };
		A956913A18984320004FBD99 /* MultipeerConnectivity.framework */ = {isa = PBXFileReference; lastKnownFileType = wrapper.framework; name = MultipeerConnectivity.framework; path = System/Library/Frameworks/MultipeerConnectivity.framework; sourceTree = SDKROOT; };
		A97A9ED218988D3F0017183F /* SplashViewController.h */ = {isa = PBXFileReference; fileEncoding = 4; lastKnownFileType = sourcecode.c.h; path = SplashViewController.h; sourceTree = "<group>"; };
		A97A9ED318988D3F0017183F /* SplashViewController.m */ = {isa = PBXFileReference; fileEncoding = 4; lastKnownFileType = sourcecode.c.objc; path = SplashViewController.m; sourceTree = "<group>"; };
		A97A9ED518989C750017183F /* SettingsViewController.h */ = {isa = PBXFileReference; fileEncoding = 4; lastKnownFileType = sourcecode.c.h; path = SettingsViewController.h; sourceTree = "<group>"; };
		A97A9ED618989C750017183F /* SettingsViewController.m */ = {isa = PBXFileReference; fileEncoding = 4; lastKnownFileType = sourcecode.c.objc; path = SettingsViewController.m; sourceTree = "<group>"; };
		A9A564F018DFE67F00840421 /* splash.mp3 */ = {isa = PBXFileReference; lastKnownFileType = audio.mp3; path = splash.mp3; sourceTree = "<group>"; };
		A9C46D0F18DE299600BC8065 /* PowerUp.h */ = {isa = PBXFileReference; fileEncoding = 4; lastKnownFileType = sourcecode.c.h; name = PowerUp.h; path = ../PowerUp.h; sourceTree = "<group>"; };
		A9C46D1018DE299600BC8065 /* PowerUp.m */ = {isa = PBXFileReference; fileEncoding = 4; lastKnownFileType = sourcecode.c.objc; name = PowerUp.m; path = ../PowerUp.m; sourceTree = "<group>"; };
		A9C46D2018DFCC6D00BC8065 /* GG.mp4.flac.wav */ = {isa = PBXFileReference; lastKnownFileType = audio.wav; path = GG.mp4.flac.wav; sourceTree = "<group>"; };
		A9D68DE318DB57FF00299441 /* AVFoundation.framework */ = {isa = PBXFileReference; lastKnownFileType = wrapper.framework; name = AVFoundation.framework; path = System/Library/Frameworks/AVFoundation.framework; sourceTree = SDKROOT; };
		A9D68DE518DB580E00299441 /* AudioToolbox.framework */ = {isa = PBXFileReference; lastKnownFileType = wrapper.framework; name = AudioToolbox.framework; path = System/Library/Frameworks/AudioToolbox.framework; sourceTree = SDKROOT; };
/* End PBXFileReference section */

/* Begin PBXFrameworksBuildPhase section */
		1F60B14318974B9A00232A84 /* Frameworks */ = {
			isa = PBXFrameworksBuildPhase;
			buildActionMask = 2147483647;
			files = (
				A85CD01B18DD143100FECC1C /* MediaPlayer.framework in Frameworks */,
				A85CD01018DCD74200FECC1C /* Social.framework in Frameworks */,
				A9D68DE618DB580E00299441 /* AudioToolbox.framework in Frameworks */,
				A9D68DE418DB57FF00299441 /* AVFoundation.framework in Frameworks */,
				A956913B18984320004FBD99 /* MultipeerConnectivity.framework in Frameworks */,
				1F60B14C18974B9A00232A84 /* CoreGraphics.framework in Frameworks */,
				1F60B14E18974B9A00232A84 /* UIKit.framework in Frameworks */,
				A8E2524918D9556900510145 /* GameKit.framework in Frameworks */,
				1F60B15018974B9A00232A84 /* SpriteKit.framework in Frameworks */,
				1F60B14A18974B9A00232A84 /* Foundation.framework in Frameworks */,
			);
			runOnlyForDeploymentPostprocessing = 0;
		};
		1F60B16E18974B9A00232A84 /* Frameworks */ = {
			isa = PBXFrameworksBuildPhase;
			buildActionMask = 2147483647;
			files = (
				1F60B17318974B9A00232A84 /* XCTest.framework in Frameworks */,
				1F60B17518974B9A00232A84 /* UIKit.framework in Frameworks */,
				1F60B17418974B9A00232A84 /* Foundation.framework in Frameworks */,
			);
			runOnlyForDeploymentPostprocessing = 0;
		};
/* End PBXFrameworksBuildPhase section */

/* Begin PBXGroup section */
		1F60B13D18974B9A00232A84 = {
			isa = PBXGroup;
			children = (
				1F60B15118974B9A00232A84 /* Bubble */,
				1F60B17818974B9A00232A84 /* BubbleTests */,
				1F60B14818974B9A00232A84 /* Frameworks */,
				1F60B14718974B9A00232A84 /* Products */,
			);
			sourceTree = "<group>";
		};
		1F60B14718974B9A00232A84 /* Products */ = {
			isa = PBXGroup;
			children = (
				1F60B14618974B9A00232A84 /* Bubble.app */,
				1F60B17118974B9A00232A84 /* BubbleTests.xctest */,
			);
			name = Products;
			sourceTree = "<group>";
		};
		1F60B14818974B9A00232A84 /* Frameworks */ = {
			isa = PBXGroup;
			children = (
				A85CD01A18DD143100FECC1C /* MediaPlayer.framework */,
				A85CD00F18DCD74200FECC1C /* Social.framework */,
				A9D68DE518DB580E00299441 /* AudioToolbox.framework */,
				A9D68DE318DB57FF00299441 /* AVFoundation.framework */,
				A8E2524818D9556900510145 /* GameKit.framework */,
				A956913A18984320004FBD99 /* MultipeerConnectivity.framework */,
				1F60B14918974B9A00232A84 /* Foundation.framework */,
				1F60B14B18974B9A00232A84 /* CoreGraphics.framework */,
				1F60B14D18974B9A00232A84 /* UIKit.framework */,
				1F60B14F18974B9A00232A84 /* SpriteKit.framework */,
				1F60B17218974B9A00232A84 /* XCTest.framework */,
			);
			name = Frameworks;
			sourceTree = "<group>";
		};
		1F60B15118974B9A00232A84 /* Bubble */ = {
			isa = PBXGroup;
			children = (
				1F7C329418975A34006995F8 /* AIBubble.h */,
				1F7C329518975A34006995F8 /* AIBubble.m */,
				1F60B15A18974B9A00232A84 /* AppDelegate.h */,
				1F60B15B18974B9A00232A84 /* AppDelegate.m */,
				A85CD01118DCEFD900FECC1C /* Audio */,
				1F60B1881897500300232A84 /* Bubble.h */,
				1F60B1891897500300232A84 /* Bubble.m */,
				A85CD01C18DE88B000FECC1C /* GameCenterController.h */,
				A85CD01D18DE88B000FECC1C /* GameCenterController.m */,
				A816811418E1163500504025 /* GameModeViewController.h */,
				A816811518E1163500504025 /* GameModeViewController.m */,
				A816810118DFE7D500504025 /* GameOverViewController.h */,
				A816810218DFE7D500504025 /* GameOverViewController.m */,
				A81680D518DFD7F600504025 /* Images */,
				1F60B16B18974B9A00232A84 /* Images.xcassets */,
				A901663018B670A60061927A /* JCJoystick.h */,
				A901663118B670A60061927A /* JCJoystick.m */,
				A822A3D518C16B2A00CAC8FA /* PauseViewController.h */,
				A822A3D618C16B2A00CAC8FA /* PauseViewController.m */,
				A816810A18DFFFD200504025 /* Plugins */,
				A9C46D0F18DE299600BC8065 /* PowerUp.h */,
				A9C46D1018DE299600BC8065 /* PowerUp.m */,
				A97A9ED518989C750017183F /* SettingsViewController.h */,
				A97A9ED618989C750017183F /* SettingsViewController.m */,
				1F60B16618974B9A00232A84 /* SinglePlayerScene.h */,
				1F60B16718974B9A00232A84 /* SinglePlayerScene.m */,
				1F60B16318974B9A00232A84 /* SinglePlayerViewController.h */,
				1F60B16418974B9A00232A84 /* SinglePlayerViewController.m */,
				A97A9ED218988D3F0017183F /* SplashViewController.h */,
				A97A9ED318988D3F0017183F /* SplashViewController.m */,
				A81680FE18DFDFEB00504025 /* StalkerBubble.h */,
				A81680FF18DFDFEB00504025 /* StalkerBubble.m */,
				1F60B15218974B9A00232A84 /* Supporting Files */,
				A8E8561218D667C80038C1AE /* TwoPlayerScene.h */,
				A8E8561318D667C80038C1AE /* TwoPlayerScene.m */,
				A8E8560F18D666FA0038C1AE /* TwoPlayerViewController.h */,
				A8E8561018D666FA0038C1AE /* TwoPlayerViewController.m */,
				1F1281F2189761C8005F8A7C /* UserBubble.h */,
				1F1281F3189761C8005F8A7C /* UserBubble.m */,
				A919A87218DA6FDD00D508F1 /* viewControllerDelegate.h */,
			);
			path = Bubble;
			sourceTree = "<group>";
		};
		1F60B15218974B9A00232A84 /* Supporting Files */ = {
			isa = PBXGroup;
			children = (
				1F60B15318974B9A00232A84 /* Bubble-Info.plist */,
				1F60B15418974B9A00232A84 /* InfoPlist.strings */,
				1F60B15718974B9A00232A84 /* main.m */,
				1F60B15918974B9A00232A84 /* Bubble-Prefix.pch */,
			);
			name = "Supporting Files";
			sourceTree = "<group>";
		};
		1F60B17818974B9A00232A84 /* BubbleTests */ = {
			isa = PBXGroup;
			children = (
				1F60B17E18974B9A00232A84 /* BubbleTests.m */,
				1F60B17918974B9A00232A84 /* Supporting Files */,
			);
			path = BubbleTests;
			sourceTree = "<group>";
		};
		1F60B17918974B9A00232A84 /* Supporting Files */ = {
			isa = PBXGroup;
			children = (
				1F60B17A18974B9A00232A84 /* BubbleTests-Info.plist */,
				1F60B17B18974B9A00232A84 /* InfoPlist.strings */,
			);
			name = "Supporting Files";
			sourceTree = "<group>";
		};
		A81680D518DFD7F600504025 /* Images */ = {
			isa = PBXGroup;
			children = (
				A81680D618DFD7F600504025 /* 1p_button.png */,
				A81680D718DFD7F600504025 /* 2p_button.png */,
				A81680D818DFD7F600504025 /* back_button.png */,
				A81680D918DFD7F600504025 /* bubble_button.png */,
				A81680DA18DFD7F600504025 /* bubble_icon.png */,
				A81680DB18DFD7F600504025 /* bubble_icon_launch_640_1136.png */,
				A81680DC18DFD7F600504025 /* bubble_icon_launch_640_960.png */,
				A81680DD18DFD7F600504025 /* bubble_icon_title.png */,
				A81680DE18DFD7F600504025 /* bubble_ios_icon_120.png */,
				A81680DF18DFD7F600504025 /* bubble_ios_icon_58.png */,
				A81680E018DFD7F600504025 /* bubble_ios_icon_80.png */,
				A81680E118DFD7F600504025 /* clock_icon.png */,
				A81680E218DFD7F600504025 /* game_center_logo.png */,
				A816810618DFEF7900504025 /* game_over_background.png */,
				A816810E18E1161200504025 /* hard_mode_button.png */,
				A816810F18E1161200504025 /* mode_pick_background.png */,
				A816811018E1161200504025 /* normal_mode_button.png */,
				A81680E318DFD7F600504025 /* options_button.png */,
				A81680E418DFD7F600504025 /* pause_button.png */,
				A81680E518DFD7F600504025 /* quit_button.png */,
				A81680E618DFD7F600504025 /* resume_button.png */,
				A816810818DFF4EA00504025 /* share_button.png */,
				A81680E718DFD7F600504025 /* shield_icon.png */,
				A81680E818DFD7F600504025 /* thunderbolt_icon.png */,
				A81680E918DFD7F600504025 /* twitter_logo.png */,
			);
			path = Images;
			sourceTree = "<group>";
		};
		A816810A18DFFFD200504025 /* Plugins */ = {
			isa = PBXGroup;
			children = (
				A816810B18DFFFD200504025 /* iRate.h */,
				A816810C18DFFFD200504025 /* iRate.m */,
			);
			path = Plugins;
			sourceTree = "<group>";
		};
		A85CD01118DCEFD900FECC1C /* Audio */ = {
			isa = PBXGroup;
			children = (
				A9A564F018DFE67F00840421 /* splash.mp3 */,
				A9C46D2018DFCC6D00BC8065 /* GG.mp4.flac.wav */,
				A85CD01218DCEFD900FECC1C /* dilate1.wav */,
				A85CD01318DCEFD900FECC1C /* Hit_Hurt4.wav */,
				A85CD01418DCEFD900FECC1C /* powerup.wav */,
				A85CD01518DCEFD900FECC1C /* singleplayer.mp3 */,
			);
			path = Audio;
			sourceTree = "<group>";
		};
/* End PBXGroup section */

/* Begin PBXNativeTarget section */
		1F60B14518974B9A00232A84 /* Bubble */ = {
			isa = PBXNativeTarget;
			buildConfigurationList = 1F60B18218974B9A00232A84 /* Build configuration list for PBXNativeTarget "Bubble" */;
			buildPhases = (
				1F60B14218974B9A00232A84 /* Sources */,
				1F60B14318974B9A00232A84 /* Frameworks */,
				1F60B14418974B9A00232A84 /* Resources */,
			);
			buildRules = (
			);
			dependencies = (
			);
			name = Bubble;
			productName = Bubble;
			productReference = 1F60B14618974B9A00232A84 /* Bubble.app */;
			productType = "com.apple.product-type.application";
		};
		1F60B17018974B9A00232A84 /* BubbleTests */ = {
			isa = PBXNativeTarget;
			buildConfigurationList = 1F60B18518974B9A00232A84 /* Build configuration list for PBXNativeTarget "BubbleTests" */;
			buildPhases = (
				1F60B16D18974B9A00232A84 /* Sources */,
				1F60B16E18974B9A00232A84 /* Frameworks */,
				1F60B16F18974B9A00232A84 /* Resources */,
			);
			buildRules = (
			);
			dependencies = (
				1F60B17718974B9A00232A84 /* PBXTargetDependency */,
			);
			name = BubbleTests;
			productName = BubbleTests;
			productReference = 1F60B17118974B9A00232A84 /* BubbleTests.xctest */;
			productType = "com.apple.product-type.bundle.unit-test";
		};
/* End PBXNativeTarget section */

/* Begin PBXProject section */
		1F60B13E18974B9A00232A84 /* Project object */ = {
			isa = PBXProject;
			attributes = {
				LastUpgradeCheck = 0500;
				ORGANIZATIONNAME = "Jeff Chen";
				TargetAttributes = {
					1F60B14518974B9A00232A84 = {
						DevelopmentTeam = 5V53Z3K684;
						SystemCapabilities = {
							com.apple.GameCenter = {
								enabled = 1;
							};
						};
					};
					1F60B17018974B9A00232A84 = {
						TestTargetID = 1F60B14518974B9A00232A84;
					};
				};
			};
			buildConfigurationList = 1F60B14118974B9A00232A84 /* Build configuration list for PBXProject "Bubble" */;
			compatibilityVersion = "Xcode 3.2";
			developmentRegion = English;
			hasScannedForEncodings = 0;
			knownRegions = (
				en,
				Base,
			);
			mainGroup = 1F60B13D18974B9A00232A84;
			productRefGroup = 1F60B14718974B9A00232A84 /* Products */;
			projectDirPath = "";
			projectRoot = "";
			targets = (
				1F60B14518974B9A00232A84 /* Bubble */,
				1F60B17018974B9A00232A84 /* BubbleTests */,
			);
		};
/* End PBXProject section */

/* Begin PBXResourcesBuildPhase section */
		1F60B14418974B9A00232A84 /* Resources */ = {
			isa = PBXResourcesBuildPhase;
			buildActionMask = 2147483647;
			files = (
				A9A564F118DFE67F00840421 /* splash.mp3 in Resources */,
				A9C46D2118DFCC6D00BC8065 /* GG.mp4.flac.wav in Resources */,
				A81680ED18DFD7F600504025 /* bubble_button.png in Resources */,
				A81680F518DFD7F600504025 /* clock_icon.png in Resources */,
				A81680F418DFD7F600504025 /* bubble_ios_icon_80.png in Resources */,
				A81680FC18DFD7F600504025 /* thunderbolt_icon.png in Resources */,
				A81680F718DFD7F600504025 /* options_button.png in Resources */,
				A81680F918DFD7F600504025 /* quit_button.png in Resources */,
				1F60B16C18974B9A00232A84 /* Images.xcassets in Resources */,
				A816810718DFEF7900504025 /* game_over_background.png in Resources */,
				A81680EC18DFD7F600504025 /* back_button.png in Resources */,
				1F60B15618974B9A00232A84 /* InfoPlist.strings in Resources */,
				A81680EB18DFD7F600504025 /* 2p_button.png in Resources */,
				A81680EE18DFD7F600504025 /* bubble_icon.png in Resources */,
				A81680EF18DFD7F600504025 /* bubble_icon_launch_640_1136.png in Resources */,
				A81680F318DFD7F600504025 /* bubble_ios_icon_58.png in Resources */,
				A81680F118DFD7F600504025 /* bubble_icon_title.png in Resources */,
				A81680F018DFD7F600504025 /* bubble_icon_launch_640_960.png in Resources */,
				A81680F218DFD7F600504025 /* bubble_ios_icon_120.png in Resources */,
				A816810918DFF4EA00504025 /* share_button.png in Resources */,
				A81680FA18DFD7F600504025 /* resume_button.png in Resources */,
				A816811218E1161200504025 /* mode_pick_background.png in Resources */,
				A81680FD18DFD7F600504025 /* twitter_logo.png in Resources */,
				A85CD01718DCEFD900FECC1C /* Hit_Hurt4.wav in Resources */,
				A81680F818DFD7F600504025 /* pause_button.png in Resources */,
				A81680EA18DFD7F600504025 /* 1p_button.png in Resources */,
				A85CD01618DCEFD900FECC1C /* dilate1.wav in Resources */,
				A81680FB18DFD7F600504025 /* shield_icon.png in Resources */,
				A816811318E1161200504025 /* normal_mode_button.png in Resources */,
				A81680F618DFD7F600504025 /* game_center_logo.png in Resources */,
				A85CD01918DCEFD900FECC1C /* singleplayer.mp3 in Resources */,
				A85CD01818DCEFD900FECC1C /* powerup.wav in Resources */,
				A816811118E1161200504025 /* hard_mode_button.png in Resources */,
			);
			runOnlyForDeploymentPostprocessing = 0;
		};
		1F60B16F18974B9A00232A84 /* Resources */ = {
			isa = PBXResourcesBuildPhase;
			buildActionMask = 2147483647;
			files = (
				1F60B17D18974B9A00232A84 /* InfoPlist.strings in Resources */,
			);
			runOnlyForDeploymentPostprocessing = 0;
		};
/* End PBXResourcesBuildPhase section */

/* Begin PBXSourcesBuildPhase section */
		1F60B14218974B9A00232A84 /* Sources */ = {
			isa = PBXSourcesBuildPhase;
			buildActionMask = 2147483647;
			files = (
				A97A9ED418988D3F0017183F /* SplashViewController.m in Sources */,
				1F60B16818974B9A00232A84 /* SinglePlayerScene.m in Sources */,
				A85CD01E18DE88B000FECC1C /* GameCenterController.m in Sources */,
				1F60B18A1897500300232A84 /* Bubble.m in Sources */,
				A816811618E1163600504025 /* GameModeViewController.m in Sources */,
				1F60B16518974B9A00232A84 /* SinglePlayerViewController.m in Sources */,
				1F1281F4189761C8005F8A7C /* UserBubble.m in Sources */,
				1F7C329618975A34006995F8 /* AIBubble.m in Sources */,
				A816810318DFE7D500504025 /* GameOverViewController.m in Sources */,
				A9C46D1118DE299600BC8065 /* PowerUp.m in Sources */,
				A816810D18DFFFD200504025 /* iRate.m in Sources */,
				A901663218B670A60061927A /* JCJoystick.m in Sources */,
				A8E8561418D667C80038C1AE /* TwoPlayerScene.m in Sources */,
				A97A9ED718989C750017183F /* SettingsViewController.m in Sources */,
				1F60B15C18974B9A00232A84 /* AppDelegate.m in Sources */,
				A816810018DFDFEB00504025 /* StalkerBubble.m in Sources */,
				A822A3D718C16B2A00CAC8FA /* PauseViewController.m in Sources */,
				A8E8561118D666FA0038C1AE /* TwoPlayerViewController.m in Sources */,
				1F60B15818974B9A00232A84 /* main.m in Sources */,
			);
			runOnlyForDeploymentPostprocessing = 0;
		};
		1F60B16D18974B9A00232A84 /* Sources */ = {
			isa = PBXSourcesBuildPhase;
			buildActionMask = 2147483647;
			files = (
				1F60B17F18974B9A00232A84 /* BubbleTests.m in Sources */,
			);
			runOnlyForDeploymentPostprocessing = 0;
		};
/* End PBXSourcesBuildPhase section */

/* Begin PBXTargetDependency section */
		1F60B17718974B9A00232A84 /* PBXTargetDependency */ = {
			isa = PBXTargetDependency;
			target = 1F60B14518974B9A00232A84 /* Bubble */;
			targetProxy = 1F60B17618974B9A00232A84 /* PBXContainerItemProxy */;
		};
/* End PBXTargetDependency section */

/* Begin PBXVariantGroup section */
		1F60B15418974B9A00232A84 /* InfoPlist.strings */ = {
			isa = PBXVariantGroup;
			children = (
				1F60B15518974B9A00232A84 /* en */,
			);
			name = InfoPlist.strings;
			sourceTree = "<group>";
		};
		1F60B17B18974B9A00232A84 /* InfoPlist.strings */ = {
			isa = PBXVariantGroup;
			children = (
				1F60B17C18974B9A00232A84 /* en */,
			);
			name = InfoPlist.strings;
			sourceTree = "<group>";
		};
/* End PBXVariantGroup section */

/* Begin XCBuildConfiguration section */
		1F60B18018974B9A00232A84 /* Debug */ = {
			isa = XCBuildConfiguration;
			buildSettings = {
				ALWAYS_SEARCH_USER_PATHS = NO;
				CLANG_CXX_LANGUAGE_STANDARD = "gnu++0x";
				CLANG_CXX_LIBRARY = "libc++";
				CLANG_ENABLE_MODULES = YES;
				CLANG_ENABLE_OBJC_ARC = YES;
				CLANG_WARN_BOOL_CONVERSION = YES;
				CLANG_WARN_CONSTANT_CONVERSION = YES;
				CLANG_WARN_DIRECT_OBJC_ISA_USAGE = YES_ERROR;
				CLANG_WARN_EMPTY_BODY = YES;
				CLANG_WARN_ENUM_CONVERSION = YES;
				CLANG_WARN_INT_CONVERSION = YES;
				CLANG_WARN_OBJC_ROOT_CLASS = YES_ERROR;
				CLANG_WARN__DUPLICATE_METHOD_MATCH = YES;
				"CODE_SIGN_IDENTITY[sdk=iphoneos*]" = "iPhone Developer";
				COPY_PHASE_STRIP = NO;
				GCC_C_LANGUAGE_STANDARD = gnu99;
				GCC_DYNAMIC_NO_PIC = NO;
				GCC_OPTIMIZATION_LEVEL = 0;
				GCC_PREPROCESSOR_DEFINITIONS = (
					"DEBUG=1",
					"$(inherited)",
				);
				GCC_SYMBOLS_PRIVATE_EXTERN = NO;
				GCC_WARN_64_TO_32_BIT_CONVERSION = YES;
				GCC_WARN_ABOUT_RETURN_TYPE = YES_ERROR;
				GCC_WARN_UNDECLARED_SELECTOR = YES;
				GCC_WARN_UNINITIALIZED_AUTOS = YES;
				GCC_WARN_UNUSED_FUNCTION = YES;
				GCC_WARN_UNUSED_VARIABLE = YES;
				IPHONEOS_DEPLOYMENT_TARGET = 7.0;
				ONLY_ACTIVE_ARCH = YES;
				SDKROOT = iphoneos;
				TARGETED_DEVICE_FAMILY = "1,2";
			};
			name = Debug;
		};
		1F60B18118974B9A00232A84 /* Release */ = {
			isa = XCBuildConfiguration;
			buildSettings = {
				ALWAYS_SEARCH_USER_PATHS = NO;
				CLANG_CXX_LANGUAGE_STANDARD = "gnu++0x";
				CLANG_CXX_LIBRARY = "libc++";
				CLANG_ENABLE_MODULES = YES;
				CLANG_ENABLE_OBJC_ARC = YES;
				CLANG_WARN_BOOL_CONVERSION = YES;
				CLANG_WARN_CONSTANT_CONVERSION = YES;
				CLANG_WARN_DIRECT_OBJC_ISA_USAGE = YES_ERROR;
				CLANG_WARN_EMPTY_BODY = YES;
				CLANG_WARN_ENUM_CONVERSION = YES;
				CLANG_WARN_INT_CONVERSION = YES;
				CLANG_WARN_OBJC_ROOT_CLASS = YES_ERROR;
				CLANG_WARN__DUPLICATE_METHOD_MATCH = YES;
				"CODE_SIGN_IDENTITY[sdk=iphoneos*]" = "iPhone Developer";
				COPY_PHASE_STRIP = YES;
				ENABLE_NS_ASSERTIONS = NO;
				GCC_C_LANGUAGE_STANDARD = gnu99;
				GCC_WARN_64_TO_32_BIT_CONVERSION = YES;
				GCC_WARN_ABOUT_RETURN_TYPE = YES_ERROR;
				GCC_WARN_UNDECLARED_SELECTOR = YES;
				GCC_WARN_UNINITIALIZED_AUTOS = YES;
				GCC_WARN_UNUSED_FUNCTION = YES;
				GCC_WARN_UNUSED_VARIABLE = YES;
				IPHONEOS_DEPLOYMENT_TARGET = 7.0;
				SDKROOT = iphoneos;
				TARGETED_DEVICE_FAMILY = "1,2";
				VALIDATE_PRODUCT = YES;
			};
			name = Release;
		};
		1F60B18318974B9A00232A84 /* Debug */ = {
			isa = XCBuildConfiguration;
			buildSettings = {
				ASSETCATALOG_COMPILER_APPICON_NAME = AppIcon;
				ASSETCATALOG_COMPILER_LAUNCHIMAGE_NAME = LaunchImage;
				CODE_SIGN_IDENTITY = "iPhone Developer";
				"CODE_SIGN_IDENTITY[sdk=iphoneos*]" = "iPhone Developer";
				GCC_PRECOMPILE_PREFIX_HEADER = YES;
				GCC_PREFIX_HEADER = "Bubble/Bubble-Prefix.pch";
				INFOPLIST_FILE = "Bubble/Bubble-Info.plist";
				IPHONEOS_DEPLOYMENT_TARGET = 7.0;
				PRODUCT_NAME = "$(TARGET_NAME)";
				PROVISIONING_PROFILE = "";
				SPRITEKIT_TEXTURE_ATLAS_OUTPUT = YES;
				TARGETED_DEVICE_FAMILY = "1,2";
				WRAPPER_EXTENSION = app;
			};
			name = Debug;
		};
		1F60B18418974B9A00232A84 /* Release */ = {
			isa = XCBuildConfiguration;
			buildSettings = {
				ASSETCATALOG_COMPILER_APPICON_NAME = AppIcon;
				ASSETCATALOG_COMPILER_LAUNCHIMAGE_NAME = LaunchImage;
				CODE_SIGN_IDENTITY = "iPhone Developer";
				"CODE_SIGN_IDENTITY[sdk=iphoneos*]" = "iPhone Developer";
				GCC_PRECOMPILE_PREFIX_HEADER = YES;
				GCC_PREFIX_HEADER = "Bubble/Bubble-Prefix.pch";
				INFOPLIST_FILE = "Bubble/Bubble-Info.plist";
				IPHONEOS_DEPLOYMENT_TARGET = 7.0;
				PRODUCT_NAME = "$(TARGET_NAME)";
				PROVISIONING_PROFILE = "";
				SPRITEKIT_TEXTURE_ATLAS_OUTPUT = YES;
				TARGETED_DEVICE_FAMILY = "1,2";
				WRAPPER_EXTENSION = app;
			};
			name = Release;
		};
		1F60B18618974B9A00232A84 /* Debug */ = {
			isa = XCBuildConfiguration;
			buildSettings = {
				BUNDLE_LOADER = "$(BUILT_PRODUCTS_DIR)/Bubble.app/Bubble";
				FRAMEWORK_SEARCH_PATHS = (
					"$(SDKROOT)/Developer/Library/Frameworks",
					"$(inherited)",
					"$(DEVELOPER_FRAMEWORKS_DIR)",
				);
				GCC_PRECOMPILE_PREFIX_HEADER = YES;
				GCC_PREFIX_HEADER = "Bubble/Bubble-Prefix.pch";
				GCC_PREPROCESSOR_DEFINITIONS = (
					"DEBUG=1",
					"$(inherited)",
				);
				INFOPLIST_FILE = "BubbleTests/BubbleTests-Info.plist";
				PRODUCT_NAME = "$(TARGET_NAME)";
				TEST_HOST = "$(BUNDLE_LOADER)";
				WRAPPER_EXTENSION = xctest;
			};
			name = Debug;
		};
		1F60B18718974B9A00232A84 /* Release */ = {
			isa = XCBuildConfiguration;
			buildSettings = {
				BUNDLE_LOADER = "$(BUILT_PRODUCTS_DIR)/Bubble.app/Bubble";
				FRAMEWORK_SEARCH_PATHS = (
					"$(SDKROOT)/Developer/Library/Frameworks",
					"$(inherited)",
					"$(DEVELOPER_FRAMEWORKS_DIR)",
				);
				GCC_PRECOMPILE_PREFIX_HEADER = YES;
				GCC_PREFIX_HEADER = "Bubble/Bubble-Prefix.pch";
				INFOPLIST_FILE = "BubbleTests/BubbleTests-Info.plist";
				PRODUCT_NAME = "$(TARGET_NAME)";
				TEST_HOST = "$(BUNDLE_LOADER)";
				WRAPPER_EXTENSION = xctest;
			};
			name = Release;
		};
/* End XCBuildConfiguration section */

/* Begin XCConfigurationList section */
		1F60B14118974B9A00232A84 /* Build configuration list for PBXProject "Bubble" */ = {
			isa = XCConfigurationList;
			buildConfigurations = (
				1F60B18018974B9A00232A84 /* Debug */,
				1F60B18118974B9A00232A84 /* Release */,
			);
			defaultConfigurationIsVisible = 0;
			defaultConfigurationName = Release;
		};
		1F60B18218974B9A00232A84 /* Build configuration list for PBXNativeTarget "Bubble" */ = {
			isa = XCConfigurationList;
			buildConfigurations = (
				1F60B18318974B9A00232A84 /* Debug */,
				1F60B18418974B9A00232A84 /* Release */,
			);
			defaultConfigurationIsVisible = 0;
			defaultConfigurationName = Release;
		};
		1F60B18518974B9A00232A84 /* Build configuration list for PBXNativeTarget "BubbleTests" */ = {
			isa = XCConfigurationList;
			buildConfigurations = (
				1F60B18618974B9A00232A84 /* Debug */,
				1F60B18718974B9A00232A84 /* Release */,
			);
			defaultConfigurationIsVisible = 0;
			defaultConfigurationName = Release;
		};
/* End XCConfigurationList section */
	};
	rootObject = 1F60B13E18974B9A00232A84 /* Project object */;
}
